// !$*UTF8*$!
{
	archiveVersion = 1;
	classes = {
	};
	objectVersion = 52;
	objects = {

/* Begin PBXBuildFile section */
		B929307425DC3F6F009AA490 /* NewsTableViewCell.swift in Sources */ = {isa = PBXBuildFile; fileRef = B929307325DC3F6F009AA490 /* NewsTableViewCell.swift */; };
		B937AFB225DC50C900BDF821 /* SavedNewsTableViewController.swift in Sources */ = {isa = PBXBuildFile; fileRef = B937AFB125DC50C900BDF821 /* SavedNewsTableViewController.swift */; };
		B9A1210E25DC38F800E23F49 /* NewsFeed.xcdatamodeld in Sources */ = {isa = PBXBuildFile; fileRef = B9A1210C25DC38F800E23F49 /* NewsFeed.xcdatamodeld */; };
		B9EC002325D6A86400FEE197 /* AppDelegate.swift in Sources */ = {isa = PBXBuildFile; fileRef = B9EC002225D6A86400FEE197 /* AppDelegate.swift */; };
		B9EC002525D6A86400FEE197 /* SceneDelegate.swift in Sources */ = {isa = PBXBuildFile; fileRef = B9EC002425D6A86400FEE197 /* SceneDelegate.swift */; };
		B9EC002725D6A86400FEE197 /* NewsFeedViewController.swift in Sources */ = {isa = PBXBuildFile; fileRef = B9EC002625D6A86400FEE197 /* NewsFeedViewController.swift */; };
		B9EC002A25D6A86400FEE197 /* Main.storyboard in Resources */ = {isa = PBXBuildFile; fileRef = B9EC002825D6A86400FEE197 /* Main.storyboard */; };
		B9EC002C25D6A86600FEE197 /* Assets.xcassets in Resources */ = {isa = PBXBuildFile; fileRef = B9EC002B25D6A86600FEE197 /* Assets.xcassets */; };
		B9EC002F25D6A86600FEE197 /* LaunchScreen.storyboard in Resources */ = {isa = PBXBuildFile; fileRef = B9EC002D25D6A86600FEE197 /* LaunchScreen.storyboard */; };
		B9EC004025D6AC3400FEE197 /* DetailViewController.swift in Sources */ = {isa = PBXBuildFile; fileRef = B9EC003F25D6AC3400FEE197 /* DetailViewController.swift */; };
		B9EC004325D6AC4000FEE197 /* WebViewController.swift in Sources */ = {isa = PBXBuildFile; fileRef = B9EC004225D6AC4000FEE197 /* WebViewController.swift */; };
		B9EC004725D6AF1500FEE197 /* Item.swift in Sources */ = {isa = PBXBuildFile; fileRef = B9EC004625D6AF1500FEE197 /* Item.swift */; };
		B9EC004C25D6B21500FEE197 /* Gloss in Frameworks */ = {isa = PBXBuildFile; productRef = B9EC004B25D6B21500FEE197 /* Gloss */; };
/* End PBXBuildFile section */

/* Begin PBXFileReference section */
		B929307325DC3F6F009AA490 /* NewsTableViewCell.swift */ = {isa = PBXFileReference; lastKnownFileType = sourcecode.swift; path = NewsTableViewCell.swift; sourceTree = "<group>"; };
		B937AFB125DC50C900BDF821 /* SavedNewsTableViewController.swift */ = {isa = PBXFileReference; lastKnownFileType = sourcecode.swift; path = SavedNewsTableViewController.swift; sourceTree = "<group>"; };
		B9A1210D25DC38F800E23F49 /* NewsFeed.xcdatamodel */ = {isa = PBXFileReference; lastKnownFileType = wrapper.xcdatamodel; path = NewsFeed.xcdatamodel; sourceTree = "<group>"; };
		B9EC001F25D6A86400FEE197 /* Apple News Feed.app */ = {isa = PBXFileReference; explicitFileType = wrapper.application; includeInIndex = 0; path = "Apple News Feed.app"; sourceTree = BUILT_PRODUCTS_DIR; };
		B9EC002225D6A86400FEE197 /* AppDelegate.swift */ = {isa = PBXFileReference; lastKnownFileType = sourcecode.swift; path = AppDelegate.swift; sourceTree = "<group>"; };
		B9EC002425D6A86400FEE197 /* SceneDelegate.swift */ = {isa = PBXFileReference; lastKnownFileType = sourcecode.swift; path = SceneDelegate.swift; sourceTree = "<group>"; };
		B9EC002625D6A86400FEE197 /* NewsFeedViewController.swift */ = {isa = PBXFileReference; lastKnownFileType = sourcecode.swift; path = NewsFeedViewController.swift; sourceTree = "<group>"; };
		B9EC002925D6A86400FEE197 /* Base */ = {isa = PBXFileReference; lastKnownFileType = file.storyboard; name = Base; path = Base.lproj/Main.storyboard; sourceTree = "<group>"; };
		B9EC002B25D6A86600FEE197 /* Assets.xcassets */ = {isa = PBXFileReference; lastKnownFileType = folder.assetcatalog; path = Assets.xcassets; sourceTree = "<group>"; };
		B9EC002E25D6A86600FEE197 /* Base */ = {isa = PBXFileReference; lastKnownFileType = file.storyboard; name = Base; path = Base.lproj/LaunchScreen.storyboard; sourceTree = "<group>"; };
		B9EC003025D6A86600FEE197 /* Info.plist */ = {isa = PBXFileReference; lastKnownFileType = text.plist.xml; path = Info.plist; sourceTree = "<group>"; };
		B9EC003F25D6AC3400FEE197 /* DetailViewController.swift */ = {isa = PBXFileReference; lastKnownFileType = sourcecode.swift; path = DetailViewController.swift; sourceTree = "<group>"; };
		B9EC004225D6AC4000FEE197 /* WebViewController.swift */ = {isa = PBXFileReference; lastKnownFileType = sourcecode.swift; path = WebViewController.swift; sourceTree = "<group>"; };
		B9EC004625D6AF1500FEE197 /* Item.swift */ = {isa = PBXFileReference; lastKnownFileType = sourcecode.swift; path = Item.swift; sourceTree = "<group>"; };
/* End PBXFileReference section */

/* Begin PBXFrameworksBuildPhase section */
		B9EC001C25D6A86400FEE197 /* Frameworks */ = {
			isa = PBXFrameworksBuildPhase;
			buildActionMask = 2147483647;
			files = (
				B9EC004C25D6B21500FEE197 /* Gloss in Frameworks */,
			);
			runOnlyForDeploymentPostprocessing = 0;
		};
/* End PBXFrameworksBuildPhase section */

/* Begin PBXGroup section */
		B9EC001625D6A86400FEE197 = {
			isa = PBXGroup;
			children = (
				B9EC002125D6A86400FEE197 /* Apple News Feed */,
				B9EC002025D6A86400FEE197 /* Products */,
			);
			sourceTree = "<group>";
		};
		B9EC002025D6A86400FEE197 /* Products */ = {
			isa = PBXGroup;
			children = (
				B9EC001F25D6A86400FEE197 /* Apple News Feed.app */,
			);
			name = Products;
			sourceTree = "<group>";
		};
		B9EC002125D6A86400FEE197 /* Apple News Feed */ = {
			isa = PBXGroup;
			children = (
				B9EC004525D6AF0700FEE197 /* Model */,
				B9EC003725D6A88800FEE197 /* App Delegate */,
				B9EC003A25D6A8B900FEE197 /* Controllers */,
				B9EC003D25D6A8CA00FEE197 /* View */,
				B9EC002B25D6A86600FEE197 /* Assets.xcassets */,
				B9EC003025D6A86600FEE197 /* Info.plist */,
				B9A1210C25DC38F800E23F49 /* NewsFeed.xcdatamodeld */,
			);
			path = "Apple News Feed";
			sourceTree = "<group>";
		};
		B9EC003725D6A88800FEE197 /* App Delegate */ = {
			isa = PBXGroup;
			children = (
				B9EC002225D6A86400FEE197 /* AppDelegate.swift */,
				B9EC002425D6A86400FEE197 /* SceneDelegate.swift */,
			);
			path = "App Delegate";
			sourceTree = "<group>";
		};
		B9EC003A25D6A8B900FEE197 /* Controllers */ = {
			isa = PBXGroup;
			children = (
				B9EC002625D6A86400FEE197 /* NewsFeedViewController.swift */,
				B929307325DC3F6F009AA490 /* NewsTableViewCell.swift */,
				B9EC003F25D6AC3400FEE197 /* DetailViewController.swift */,
				B9EC004225D6AC4000FEE197 /* WebViewController.swift */,
				B937AFB125DC50C900BDF821 /* SavedNewsTableViewController.swift */,
			);
			path = Controllers;
			sourceTree = "<group>";
		};
		B9EC003D25D6A8CA00FEE197 /* View */ = {
			isa = PBXGroup;
			children = (
				B9EC002825D6A86400FEE197 /* Main.storyboard */,
				B9EC002D25D6A86600FEE197 /* LaunchScreen.storyboard */,
			);
			path = View;
			sourceTree = "<group>";
		};
		B9EC004525D6AF0700FEE197 /* Model */ = {
			isa = PBXGroup;
			children = (
				B9EC004625D6AF1500FEE197 /* Item.swift */,
			);
			path = Model;
			sourceTree = "<group>";
		};
/* End PBXGroup section */

/* Begin PBXNativeTarget section */
		B9EC001E25D6A86400FEE197 /* Apple News Feed */ = {
			isa = PBXNativeTarget;
			buildConfigurationList = B9EC003325D6A86600FEE197 /* Build configuration list for PBXNativeTarget "Apple News Feed" */;
			buildPhases = (
				B9EC001B25D6A86400FEE197 /* Sources */,
				B9EC001C25D6A86400FEE197 /* Frameworks */,
				B9EC001D25D6A86400FEE197 /* Resources */,
			);
			buildRules = (
			);
			dependencies = (
			);
			name = "Apple News Feed";
			packageProductDependencies = (
				B9EC004B25D6B21500FEE197 /* Gloss */,
			);
			productName = "Apple News Feed";
			productReference = B9EC001F25D6A86400FEE197 /* Apple News Feed.app */;
			productType = "com.apple.product-type.application";
		};
/* End PBXNativeTarget section */

/* Begin PBXProject section */
		B9EC001725D6A86400FEE197 /* Project object */ = {
			isa = PBXProject;
			attributes = {
				LastSwiftUpdateCheck = 1240;
				LastUpgradeCheck = 1240;
				TargetAttributes = {
					B9EC001E25D6A86400FEE197 = {
						CreatedOnToolsVersion = 12.4;
					};
				};
			};
			buildConfigurationList = B9EC001A25D6A86400FEE197 /* Build configuration list for PBXProject "Apple News Feed" */;
			compatibilityVersion = "Xcode 9.3";
			developmentRegion = en;
			hasScannedForEncodings = 0;
			knownRegions = (
				en,
				Base,
			);
			mainGroup = B9EC001625D6A86400FEE197;
			packageReferences = (
				B9EC004A25D6B21500FEE197 /* XCRemoteSwiftPackageReference "Gloss" */,
			);
			productRefGroup = B9EC002025D6A86400FEE197 /* Products */;
			projectDirPath = "";
			projectRoot = "";
			targets = (
				B9EC001E25D6A86400FEE197 /* Apple News Feed */,
			);
		};
/* End PBXProject section */

/* Begin PBXResourcesBuildPhase section */
		B9EC001D25D6A86400FEE197 /* Resources */ = {
			isa = PBXResourcesBuildPhase;
			buildActionMask = 2147483647;
			files = (
				B9EC002F25D6A86600FEE197 /* LaunchScreen.storyboard in Resources */,
				B9EC002C25D6A86600FEE197 /* Assets.xcassets in Resources */,
				B9EC002A25D6A86400FEE197 /* Main.storyboard in Resources */,
			);
			runOnlyForDeploymentPostprocessing = 0;
		};
/* End PBXResourcesBuildPhase section */

/* Begin PBXSourcesBuildPhase section */
		B9EC001B25D6A86400FEE197 /* Sources */ = {
			isa = PBXSourcesBuildPhase;
			buildActionMask = 2147483647;
			files = (
				B9EC002725D6A86400FEE197 /* NewsFeedViewController.swift in Sources */,
				B9EC002325D6A86400FEE197 /* AppDelegate.swift in Sources */,
				B929307425DC3F6F009AA490 /* NewsTableViewCell.swift in Sources */,
				B9EC002525D6A86400FEE197 /* SceneDelegate.swift in Sources */,
				B9A1210E25DC38F800E23F49 /* NewsFeed.xcdatamodeld in Sources */,
				B9EC004325D6AC4000FEE197 /* WebViewController.swift in Sources */,
				B9EC004725D6AF1500FEE197 /* Item.swift in Sources */,
				B9EC004025D6AC3400FEE197 /* DetailViewController.swift in Sources */,
				B937AFB225DC50C900BDF821 /* SavedNewsTableViewController.swift in Sources */,
			);
			runOnlyForDeploymentPostprocessing = 0;
		};
/* End PBXSourcesBuildPhase section */

/* Begin PBXVariantGroup section */
		B9EC002825D6A86400FEE197 /* Main.storyboard */ = {
			isa = PBXVariantGroup;
			children = (
				B9EC002925D6A86400FEE197 /* Base */,
			);
			name = Main.storyboard;
			sourceTree = "<group>";
		};
		B9EC002D25D6A86600FEE197 /* LaunchScreen.storyboard */ = {
			isa = PBXVariantGroup;
			children = (
				B9EC002E25D6A86600FEE197 /* Base */,
			);
			name = LaunchScreen.storyboard;
			sourceTree = "<group>";
		};
/* End PBXVariantGroup section */

/* Begin XCBuildConfiguration section */
		B9EC003125D6A86600FEE197 /* Debug */ = {
			isa = XCBuildConfiguration;
			buildSettings = {
				ALWAYS_SEARCH_USER_PATHS = NO;
				CLANG_ANALYZER_NONNULL = YES;
				CLANG_ANALYZER_NUMBER_OBJECT_CONVERSION = YES_AGGRESSIVE;
				CLANG_CXX_LANGUAGE_STANDARD = "gnu++14";
				CLANG_CXX_LIBRARY = "libc++";
				CLANG_ENABLE_MODULES = YES;
				CLANG_ENABLE_OBJC_ARC = YES;
				CLANG_ENABLE_OBJC_WEAK = YES;
				CLANG_WARN_BLOCK_CAPTURE_AUTORELEASING = YES;
				CLANG_WARN_BOOL_CONVERSION = YES;
				CLANG_WARN_COMMA = YES;
				CLANG_WARN_CONSTANT_CONVERSION = YES;
				CLANG_WARN_DEPRECATED_OBJC_IMPLEMENTATIONS = YES;
				CLANG_WARN_DIRECT_OBJC_ISA_USAGE = YES_ERROR;
				CLANG_WARN_DOCUMENTATION_COMMENTS = YES;
				CLANG_WARN_EMPTY_BODY = YES;
				CLANG_WARN_ENUM_CONVERSION = YES;
				CLANG_WARN_INFINITE_RECURSION = YES;
				CLANG_WARN_INT_CONVERSION = YES;
				CLANG_WARN_NON_LITERAL_NULL_CONVERSION = YES;
				CLANG_WARN_OBJC_IMPLICIT_RETAIN_SELF = YES;
				CLANG_WARN_OBJC_LITERAL_CONVERSION = YES;
				CLANG_WARN_OBJC_ROOT_CLASS = YES_ERROR;
				CLANG_WARN_QUOTED_INCLUDE_IN_FRAMEWORK_HEADER = YES;
				CLANG_WARN_RANGE_LOOP_ANALYSIS = YES;
				CLANG_WARN_STRICT_PROTOTYPES = YES;
				CLANG_WARN_SUSPICIOUS_MOVE = YES;
				CLANG_WARN_UNGUARDED_AVAILABILITY = YES_AGGRESSIVE;
				CLANG_WARN_UNREACHABLE_CODE = YES;
				CLANG_WARN__DUPLICATE_METHOD_MATCH = YES;
				COPY_PHASE_STRIP = NO;
				DEBUG_INFORMATION_FORMAT = dwarf;
				ENABLE_STRICT_OBJC_MSGSEND = YES;
				ENABLE_TESTABILITY = YES;
				GCC_C_LANGUAGE_STANDARD = gnu11;
				GCC_DYNAMIC_NO_PIC = NO;
				GCC_NO_COMMON_BLOCKS = YES;
				GCC_OPTIMIZATION_LEVEL = 0;
				GCC_PREPROCESSOR_DEFINITIONS = (
					"DEBUG=1",
					"$(inherited)",
				);
				GCC_WARN_64_TO_32_BIT_CONVERSION = YES;
				GCC_WARN_ABOUT_RETURN_TYPE = YES_ERROR;
				GCC_WARN_UNDECLARED_SELECTOR = YES;
				GCC_WARN_UNINITIALIZED_AUTOS = YES_AGGRESSIVE;
				GCC_WARN_UNUSED_FUNCTION = YES;
				GCC_WARN_UNUSED_VARIABLE = YES;
				IPHONEOS_DEPLOYMENT_TARGET = 14.4;
				MTL_ENABLE_DEBUG_INFO = INCLUDE_SOURCE;
				MTL_FAST_MATH = YES;
				ONLY_ACTIVE_ARCH = YES;
				SDKROOT = iphoneos;
				SWIFT_ACTIVE_COMPILATION_CONDITIONS = DEBUG;
				SWIFT_OPTIMIZATION_LEVEL = "-Onone";
			};
			name = Debug;
		};
		B9EC003225D6A86600FEE197 /* Release */ = {
			isa = XCBuildConfiguration;
			buildSettings = {
				ALWAYS_SEARCH_USER_PATHS = NO;
				CLANG_ANALYZER_NONNULL = YES;
				CLANG_ANALYZER_NUMBER_OBJECT_CONVERSION = YES_AGGRESSIVE;
				CLANG_CXX_LANGUAGE_STANDARD = "gnu++14";
				CLANG_CXX_LIBRARY = "libc++";
				CLANG_ENABLE_MODULES = YES;
				CLANG_ENABLE_OBJC_ARC = YES;
				CLANG_ENABLE_OBJC_WEAK = YES;
				CLANG_WARN_BLOCK_CAPTURE_AUTORELEASING = YES;
				CLANG_WARN_BOOL_CONVERSION = YES;
				CLANG_WARN_COMMA = YES;
				CLANG_WARN_CONSTANT_CONVERSION = YES;
				CLANG_WARN_DEPRECATED_OBJC_IMPLEMENTATIONS = YES;
				CLANG_WARN_DIRECT_OBJC_ISA_USAGE = YES_ERROR;
				CLANG_WARN_DOCUMENTATION_COMMENTS = YES;
				CLANG_WARN_EMPTY_BODY = YES;
				CLANG_WARN_ENUM_CONVERSION = YES;
				CLANG_WARN_INFINITE_RECURSION = YES;
				CLANG_WARN_INT_CONVERSION = YES;
				CLANG_WARN_NON_LITERAL_NULL_CONVERSION = YES;
				CLANG_WARN_OBJC_IMPLICIT_RETAIN_SELF = YES;
				CLANG_WARN_OBJC_LITERAL_CONVERSION = YES;
				CLANG_WARN_OBJC_ROOT_CLASS = YES_ERROR;
				CLANG_WARN_QUOTED_INCLUDE_IN_FRAMEWORK_HEADER = YES;
				CLANG_WARN_RANGE_LOOP_ANALYSIS = YES;
				CLANG_WARN_STRICT_PROTOTYPES = YES;
				CLANG_WARN_SUSPICIOUS_MOVE = YES;
				CLANG_WARN_UNGUARDED_AVAILABILITY = YES_AGGRESSIVE;
				CLANG_WARN_UNREACHABLE_CODE = YES;
				CLANG_WARN__DUPLICATE_METHOD_MATCH = YES;
				COPY_PHASE_STRIP = NO;
				DEBUG_INFORMATION_FORMAT = "dwarf-with-dsym";
				ENABLE_NS_ASSERTIONS = NO;
				ENABLE_STRICT_OBJC_MSGSEND = YES;
				GCC_C_LANGUAGE_STANDARD = gnu11;
				GCC_NO_COMMON_BLOCKS = YES;
				GCC_WARN_64_TO_32_BIT_CONVERSION = YES;
				GCC_WARN_ABOUT_RETURN_TYPE = YES_ERROR;
				GCC_WARN_UNDECLARED_SELECTOR = YES;
				GCC_WARN_UNINITIALIZED_AUTOS = YES_AGGRESSIVE;
				GCC_WARN_UNUSED_FUNCTION = YES;
				GCC_WARN_UNUSED_VARIABLE = YES;
				IPHONEOS_DEPLOYMENT_TARGET = 14.4;
				MTL_ENABLE_DEBUG_INFO = NO;
				MTL_FAST_MATH = YES;
				SDKROOT = iphoneos;
				SWIFT_COMPILATION_MODE = wholemodule;
				SWIFT_OPTIMIZATION_LEVEL = "-O";
				VALIDATE_PRODUCT = YES;
			};
			name = Release;
		};
		B9EC003425D6A86600FEE197 /* Debug */ = {
			isa = XCBuildConfiguration;
			buildSettings = {
				ASSETCATALOG_COMPILER_APPICON_NAME = AppIcon;
				ASSETCATALOG_COMPILER_GLOBAL_ACCENT_COLOR_NAME = AccentColor;
				CODE_SIGN_STYLE = Automatic;
				DEVELOPMENT_TEAM = QU577HR376;
				INFOPLIST_FILE = "Apple News Feed/Info.plist";
				LD_RUNPATH_SEARCH_PATHS = (
					"$(inherited)",
					"@executable_path/Frameworks",
				);
				PRODUCT_BUNDLE_IDENTIFIER = "lv.accenture.bootcamp.Apple-News-Feed";
				PRODUCT_NAME = "$(TARGET_NAME)";
				SWIFT_VERSION = 5.0;
				TARGETED_DEVICE_FAMILY = "1,2";
			};
			name = Debug;
		};
		B9EC003525D6A86600FEE197 /* Release */ = {
			isa = XCBuildConfiguration;
			buildSettings = {
				ASSETCATALOG_COMPILER_APPICON_NAME = AppIcon;
				ASSETCATALOG_COMPILER_GLOBAL_ACCENT_COLOR_NAME = AccentColor;
				CODE_SIGN_STYLE = Automatic;
				DEVELOPMENT_TEAM = QU577HR376;
				INFOPLIST_FILE = "Apple News Feed/Info.plist";
				LD_RUNPATH_SEARCH_PATHS = (
					"$(inherited)",
					"@executable_path/Frameworks",
				);
				PRODUCT_BUNDLE_IDENTIFIER = "lv.accenture.bootcamp.Apple-News-Feed";
				PRODUCT_NAME = "$(TARGET_NAME)";
				SWIFT_VERSION = 5.0;
				TARGETED_DEVICE_FAMILY = "1,2";
			};
			name = Release;
		};
/* End XCBuildConfiguration section */

/* Begin XCConfigurationList section */
		B9EC001A25D6A86400FEE197 /* Build configuration list for PBXProject "Apple News Feed" */ = {
			isa = XCConfigurationList;
			buildConfigurations = (
				B9EC003125D6A86600FEE197 /* Debug */,
				B9EC003225D6A86600FEE197 /* Release */,
			);
			defaultConfigurationIsVisible = 0;
			defaultConfigurationName = Release;
		};
		B9EC003325D6A86600FEE197 /* Build configuration list for PBXNativeTarget "Apple News Feed" */ = {
			isa = XCConfigurationList;
			buildConfigurations = (
				B9EC003425D6A86600FEE197 /* Debug */,
				B9EC003525D6A86600FEE197 /* Release */,
			);
			defaultConfigurationIsVisible = 0;
			defaultConfigurationName = Release;
		};
/* End XCConfigurationList section */

/* Begin XCRemoteSwiftPackageReference section */
		B9EC004A25D6B21500FEE197 /* XCRemoteSwiftPackageReference "Gloss" */ = {
			isa = XCRemoteSwiftPackageReference;
			repositoryURL = "https://github.com/hkellaway/Gloss.git";
			requirement = {
				kind = upToNextMajorVersion;
				minimumVersion = 3.2.1;
			};
		};
/* End XCRemoteSwiftPackageReference section */

/* Begin XCSwiftPackageProductDependency section */
		B9EC004B25D6B21500FEE197 /* Gloss */ = {
			isa = XCSwiftPackageProductDependency;
			package = B9EC004A25D6B21500FEE197 /* XCRemoteSwiftPackageReference "Gloss" */;
			productName = Gloss;
		};
/* End XCSwiftPackageProductDependency section */

/* Begin XCVersionGroup section */
		B9A1210C25DC38F800E23F49 /* NewsFeed.xcdatamodeld */ = {
			isa = XCVersionGroup;
			children = (
				B9A1210D25DC38F800E23F49 /* NewsFeed.xcdatamodel */,
			);
			currentVersion = B9A1210D25DC38F800E23F49 /* NewsFeed.xcdatamodel */;
			path = NewsFeed.xcdatamodeld;
			sourceTree = "<group>";
			versionGroupType = wrapper.xcdatamodel;
		};
/* End XCVersionGroup section */
	};
	rootObject = B9EC001725D6A86400FEE197 /* Project object */;
}
